
Microsoft Visual Studio Solution File, Format Version 12.00
# Visual Studio 15
VisualStudioVersion = 15.0.27703.2000
MinimumVisualStudioVersion = 10.0.40219.1
Project("{FAE04EC0-301F-11D3-BF4B-00C04F79EFBC}") = "Decoration", "Decoration\Decoration.csproj", "{46040DAE-B413-4208-B78A-99683E8CF352}"
EndProject
Global
	GlobalSection(SolutionConfigurationPlatforms) = preSolution
		Debug|Any CPU = Debug|Any CPU
		Release|Any CPU = Release|Any CPU
	EndGlobalSection
	GlobalSection(ProjectConfigurationPlatforms) = postSolution
		{46040DAE-B413-4208-B78A-99683E8CF352}.Debug|Any CPU.ActiveCfg = Debug|Any CPU
		{46040DAE-B413-4208-B78A-99683E8CF352}.Debug|Any CPU.Build.0 = Debug|Any CPU
		{46040DAE-B413-4208-B78A-99683E8CF352}.Release|Any CPU.ActiveCfg = Release|Any CPU
		{46040DAE-B413-4208-B78A-99683E8CF352}.Release|Any CPU.Build.0 = Release|Any CPU
	EndGlobalSection
	GlobalSection(SolutionProperties) = preSolution
		HideSolutionNode = FALSE
	EndGlobalSection
	GlobalSection(ExtensibilityGlobals) = postSolution
		SolutionGuid = {0EC8B39B-DC77-4F3C-A5A8-4B8DC2CF8228}
	EndGlobalSection
EndGlobal
